
Microsoft Visual Studio Solution File, Format Version 12.00
# Visual Studio Version 17
VisualStudioVersion = 17.12.35707.178 d17.12
MinimumVisualStudioVersion = 10.0.40219.1
Project("{C9674DCB-5085-4A16-B785-4C70DD1589BD}") = "Week4_OLTPvsOLAP_ETL", "Week4_OLTPvsOLAP_ETL.dtproj", "{17C88A28-170C-4A91-A009-8B3DF046ADD3}"
EndProject
Global
	GlobalSection(SolutionConfigurationPlatforms) = preSolution
		Development|Default = Development|Default
	EndGlobalSection
	GlobalSection(ProjectConfigurationPlatforms) = postSolution
		{17C88A28-170C-4A91-A009-8B3DF046ADD3}.Development|Default.ActiveCfg = Development
		{17C88A28-170C-4A91-A009-8B3DF046ADD3}.Development|Default.Build.0 = Development
	EndGlobalSection
	GlobalSection(SolutionProperties) = preSolution
		HideSolutionNode = FALSE
	EndGlobalSection
EndGlobal
